Microsoft Visual Studio Solution File, Format Version 12.00
# Visual Studio Version 17
VisualStudioVersion = 17.5.2.0
MinimumVisualStudioVersion = 10.0.40219.1
Project("{2150E333-8FDC-42A3-9474-1A3956D46DE8}") = "backend", "backend", "{1AE8ACA6-933B-BF2A-3671-3E2EAC007D16}"
EndProject
Project("{FAE04EC0-301F-11D3-BF4B-00C04F79EFBC}") = "HotelBooking.API", "backend\HotelBooking.API\HotelBooking.API.csproj", "{D282C5E5-ACCB-EF86-D489-9A2D0A23F88C}"
EndProject
Global
	GlobalSection(SolutionConfigurationPlatforms) = preSolution
		Debug|Any CPU = Debug|Any CPU
		Release|Any CPU = Release|Any CPU
	EndGlobalSection
	GlobalSection(ProjectConfigurationPlatforms) = postSolution
		{D282C5E5-ACCB-EF86-D489-9A2D0A23F88C}.Debug|Any CPU.ActiveCfg = Debug|Any CPU
		{D282C5E5-ACCB-EF86-D489-9A2D0A23F88C}.Debug|Any CPU.Build.0 = Debug|Any CPU
		{D282C5E5-ACCB-EF86-D489-9A2D0A23F88C}.Release|Any CPU.ActiveCfg = Release|Any CPU
		{D282C5E5-ACCB-EF86-D489-9A2D0A23F88C}.Release|Any CPU.Build.0 = Release|Any CPU
	EndGlobalSection
	GlobalSection(SolutionProperties) = preSolution
		HideSolutionNode = FALSE
	EndGlobalSection
	GlobalSection(NestedProjects) = preSolution
		{D282C5E5-ACCB-EF86-D489-9A2D0A23F88C} = {1AE8ACA6-933B-BF2A-3671-3E2EAC007D16}
	EndGlobalSection
	GlobalSection(ExtensibilityGlobals) = postSolution
		SolutionGuid = {A1E0B0BB-5D7B-4A31-8B17-F776B1B302FE}
	EndGlobalSection
EndGlobal
